
Microsoft Visual Studio Solution File, Format Version 12.00
# Visual Studio Version 17
VisualStudioVersion = 17.9.34902.65
MinimumVisualStudioVersion = 10.0.40219.1
Project("{8BC9CEB8-8B4A-11D0-8D11-00A0C91BC942}") = "dbgcore", "dbgcore\dbgcore.vcxproj", "{EED7BFFB-8F19-4CD0-9004-7DC41136719B}"
EndProject
Global
	GlobalSection(SolutionConfigurationPlatforms) = preSolution
		Debug|x64 = Debug|x64
		Debug|x86 = Debug|x86
		Release|x64 = Release|x64
		Release|x86 = Release|x86
	EndGlobalSection
	GlobalSection(ProjectConfigurationPlatforms) = postSolution
		{EED7BFFB-8F19-4CD0-9004-7DC41136719B}.Debug|x64.ActiveCfg = Debug|x64
		{EED7BFFB-8F19-4CD0-9004-7DC41136719B}.Debug|x64.Build.0 = Debug|x64
		{EED7BFFB-8F19-4CD0-9004-7DC41136719B}.Debug|x86.ActiveCfg = Debug|Win32
		{EED7BFFB-8F19-4CD0-9004-7DC41136719B}.Debug|x86.Build.0 = Debug|Win32
		{EED7BFFB-8F19-4CD0-9004-7DC41136719B}.Release|x64.ActiveCfg = Release|x64
		{EED7BFFB-8F19-4CD0-9004-7DC41136719B}.Release|x64.Build.0 = Release|x64
		{EED7BFFB-8F19-4CD0-9004-7DC41136719B}.Release|x86.ActiveCfg = Release|Win32
		{EED7BFFB-8F19-4CD0-9004-7DC41136719B}.Release|x86.Build.0 = Release|Win32
	EndGlobalSection
	GlobalSection(SolutionProperties) = preSolution
		HideSolutionNode = FALSE
	EndGlobalSection
	GlobalSection(ExtensibilityGlobals) = postSolution
		SolutionGuid = {2A6EAEBB-8F80-4619-8424-7A6808A4D5A7}
	EndGlobalSection
EndGlobal
